
Microsoft Visual Studio Solution File, Format Version 12.00
# Visual Studio Version 16
VisualStudioVersion = 16.0.29326.143
MinimumVisualStudioVersion = 10.0.40219.1
Project("{9A19103F-16F7-4668-BE54-9A1E7A4F7556}") = "FliGen.Common", "FliGen.Common\FliGen.Common.csproj", "{F36C45BF-BF67-4B2E-86F7-D0F6EFBE9817}"
EndProject
Project("{9A19103F-16F7-4668-BE54-9A1E7A4F7556}") = "FliGen.Persistence", "FliGen.Persistence\FliGen.Persistence.csproj", "{731E5502-319F-40B9-9849-B2975DBED42C}"
EndProject
Project("{9A19103F-16F7-4668-BE54-9A1E7A4F7556}") = "FliGen.Application", "FliGen.Application\FliGen.Application.csproj", "{DD1329C2-F615-4583-A74B-E2D97A60D719}"
EndProject
Project("{9A19103F-16F7-4668-BE54-9A1E7A4F7556}") = "FliGen.Infrastructure", "FliGen.Infrastructure\FliGen.Infrastructure.csproj", "{37C4183E-EF35-4891-A35E-8949AF13A330}"
EndProject
Project("{9A19103F-16F7-4668-BE54-9A1E7A4F7556}") = "FliGen.Web", "FliGen.Web\FliGen.Web.csproj", "{60E30C16-215A-4DA5-A68D-8A967032E094}"
EndProject
Project("{9A19103F-16F7-4668-BE54-9A1E7A4F7556}") = "FliGen.Domain", "FliGen.Domain\FliGen.Domain.csproj", "{7F51CA19-9718-4A2C-8ABB-0CC39004B4A4}"
EndProject
Project("{2150E333-8FDC-42A3-9474-1A3956D46DE8}") = "EventBus", "EventBus", "{199C7DD3-2555-406F-9459-6BBB92AC0768}"
EndProject
Project("{9A19103F-16F7-4668-BE54-9A1E7A4F7556}") = "EventBus", "EventBus\EventBus\EventBus.csproj", "{0EA89CD7-EACF-4006-8F59-82B299B689A4}"
EndProject
Project("{9A19103F-16F7-4668-BE54-9A1E7A4F7556}") = "EventBusRabbitMQ", "EventBus\EventBusRabbitMQ\EventBusRabbitMQ.csproj", "{C5DE5CD1-9820-4286-AA14-66910F78BC9A}"
EndProject
Project("{9A19103F-16F7-4668-BE54-9A1E7A4F7556}") = "EventBusServiceBus", "EventBus\EventBusServiceBus\EventBusServiceBus.csproj", "{511C7DE9-CA1B-4B51-8FBC-ADB51518A7B8}"
EndProject
Project("{2150E333-8FDC-42A3-9474-1A3956D46DE8}") = "Services", "Services", "{A714F230-7446-49CB-AD2E-4359036FBE16}"
EndProject
Project("{2150E333-8FDC-42A3-9474-1A3956D46DE8}") = "Tours", "Tours", "{D701E96A-03ED-4F8F-9981-9C359BF6D350}"
	ProjectSection(SolutionItems) = preProject
		Services\GatewayApi\FliGen.Services.Api\Startup.cs = Services\GatewayApi\FliGen.Services.Api\Startup.cs
	EndProjectSection
EndProject
Project("{9A19103F-16F7-4668-BE54-9A1E7A4F7556}") = "FliGen.Services.Tours", "Services\Tours\FliGen.Services.Tours\FliGen.Services.Tours.csproj", "{CED5F0A6-2B75-4FF1-9A1B-DED451B0D28F}"
EndProject
Project("{9A19103F-16F7-4668-BE54-9A1E7A4F7556}") = "FliGen.Services.Tours.Application", "Services\Tours\FliGen.Services.Tours.Application\FliGen.Services.Tours.Application.csproj", "{EF9EC7C1-4E6A-42C4-8AAD-BF0D66A94222}"
EndProject
Project("{9A19103F-16F7-4668-BE54-9A1E7A4F7556}") = "FliGen.Services.Tours.Persistence", "Services\Tours\FliGen.Services.Persistence\FliGen.Services.Tours.Persistence.csproj", "{64FB1666-8FFC-4A80-A16B-401E074E9497}"
EndProject
Project("{9A19103F-16F7-4668-BE54-9A1E7A4F7556}") = "FliGen.Services.Tours.Domain", "Services\Tours\FliGen.Services.Tours.Domain\FliGen.Services.Tours.Domain.csproj", "{548AD48A-403E-43FC-9828-C32080823EFB}"
EndProject
Project("{2150E333-8FDC-42A3-9474-1A3956D46DE8}") = "GatewayApi", "GatewayApi", "{FC2C7951-7DB9-4C63-AA74-A68FCF373304}"
EndProject
Project("{9A19103F-16F7-4668-BE54-9A1E7A4F7556}") = "FliGen.Services.Api", "Services\GatewayApi\FliGen.Services.Api\FliGen.Services.Api.csproj", "{D682F93A-9083-4B55-A827-C38E13D919D9}"
EndProject
Project("{2150E333-8FDC-42A3-9474-1A3956D46DE8}") = "Players", "Players", "{E3B50F53-D968-4492-9AD7-827E82AE94FD}"
EndProject
Project("{2150E333-8FDC-42A3-9474-1A3956D46DE8}") = "Leagues", "Leagues", "{24ECE023-2D75-4B41-8640-D9630E915FED}"
EndProject
Global
	GlobalSection(SolutionConfigurationPlatforms) = preSolution
		Debug|Any CPU = Debug|Any CPU
		Release|Any CPU = Release|Any CPU
	EndGlobalSection
	GlobalSection(ProjectConfigurationPlatforms) = postSolution
		{F36C45BF-BF67-4B2E-86F7-D0F6EFBE9817}.Debug|Any CPU.ActiveCfg = Debug|Any CPU
		{F36C45BF-BF67-4B2E-86F7-D0F6EFBE9817}.Debug|Any CPU.Build.0 = Debug|Any CPU
		{F36C45BF-BF67-4B2E-86F7-D0F6EFBE9817}.Release|Any CPU.ActiveCfg = Release|Any CPU
		{F36C45BF-BF67-4B2E-86F7-D0F6EFBE9817}.Release|Any CPU.Build.0 = Release|Any CPU
		{731E5502-319F-40B9-9849-B2975DBED42C}.Debug|Any CPU.ActiveCfg = Debug|Any CPU
		{731E5502-319F-40B9-9849-B2975DBED42C}.Debug|Any CPU.Build.0 = Debug|Any CPU
		{731E5502-319F-40B9-9849-B2975DBED42C}.Release|Any CPU.ActiveCfg = Release|Any CPU
		{731E5502-319F-40B9-9849-B2975DBED42C}.Release|Any CPU.Build.0 = Release|Any CPU
		{DD1329C2-F615-4583-A74B-E2D97A60D719}.Debug|Any CPU.ActiveCfg = Debug|Any CPU
		{DD1329C2-F615-4583-A74B-E2D97A60D719}.Debug|Any CPU.Build.0 = Debug|Any CPU
		{DD1329C2-F615-4583-A74B-E2D97A60D719}.Release|Any CPU.ActiveCfg = Release|Any CPU
		{DD1329C2-F615-4583-A74B-E2D97A60D719}.Release|Any CPU.Build.0 = Release|Any CPU
		{37C4183E-EF35-4891-A35E-8949AF13A330}.Debug|Any CPU.ActiveCfg = Debug|Any CPU
		{37C4183E-EF35-4891-A35E-8949AF13A330}.Debug|Any CPU.Build.0 = Debug|Any CPU
		{37C4183E-EF35-4891-A35E-8949AF13A330}.Release|Any CPU.ActiveCfg = Release|Any CPU
		{37C4183E-EF35-4891-A35E-8949AF13A330}.Release|Any CPU.Build.0 = Release|Any CPU
		{60E30C16-215A-4DA5-A68D-8A967032E094}.Debug|Any CPU.ActiveCfg = Debug|Any CPU
		{60E30C16-215A-4DA5-A68D-8A967032E094}.Debug|Any CPU.Build.0 = Debug|Any CPU
		{60E30C16-215A-4DA5-A68D-8A967032E094}.Release|Any CPU.ActiveCfg = Release|Any CPU
		{60E30C16-215A-4DA5-A68D-8A967032E094}.Release|Any CPU.Build.0 = Release|Any CPU
		{7F51CA19-9718-4A2C-8ABB-0CC39004B4A4}.Debug|Any CPU.ActiveCfg = Debug|Any CPU
		{7F51CA19-9718-4A2C-8ABB-0CC39004B4A4}.Debug|Any CPU.Build.0 = Debug|Any CPU
		{7F51CA19-9718-4A2C-8ABB-0CC39004B4A4}.Release|Any CPU.ActiveCfg = Release|Any CPU
		{7F51CA19-9718-4A2C-8ABB-0CC39004B4A4}.Release|Any CPU.Build.0 = Release|Any CPU
		{0EA89CD7-EACF-4006-8F59-82B299B689A4}.Debug|Any CPU.ActiveCfg = Debug|Any CPU
		{0EA89CD7-EACF-4006-8F59-82B299B689A4}.Debug|Any CPU.Build.0 = Debug|Any CPU
		{0EA89CD7-EACF-4006-8F59-82B299B689A4}.Release|Any CPU.ActiveCfg = Release|Any CPU
		{0EA89CD7-EACF-4006-8F59-82B299B689A4}.Release|Any CPU.Build.0 = Release|Any CPU
		{C5DE5CD1-9820-4286-AA14-66910F78BC9A}.Debug|Any CPU.ActiveCfg = Debug|Any CPU
		{C5DE5CD1-9820-4286-AA14-66910F78BC9A}.Debug|Any CPU.Build.0 = Debug|Any CPU
		{C5DE5CD1-9820-4286-AA14-66910F78BC9A}.Release|Any CPU.ActiveCfg = Release|Any CPU
		{C5DE5CD1-9820-4286-AA14-66910F78BC9A}.Release|Any CPU.Build.0 = Release|Any CPU
		{511C7DE9-CA1B-4B51-8FBC-ADB51518A7B8}.Debug|Any CPU.ActiveCfg = Debug|Any CPU
		{511C7DE9-CA1B-4B51-8FBC-ADB51518A7B8}.Debug|Any CPU.Build.0 = Debug|Any CPU
		{511C7DE9-CA1B-4B51-8FBC-ADB51518A7B8}.Release|Any CPU.ActiveCfg = Release|Any CPU
		{511C7DE9-CA1B-4B51-8FBC-ADB51518A7B8}.Release|Any CPU.Build.0 = Release|Any CPU
		{CED5F0A6-2B75-4FF1-9A1B-DED451B0D28F}.Debug|Any CPU.ActiveCfg = Debug|Any CPU
		{CED5F0A6-2B75-4FF1-9A1B-DED451B0D28F}.Debug|Any CPU.Build.0 = Debug|Any CPU
		{CED5F0A6-2B75-4FF1-9A1B-DED451B0D28F}.Release|Any CPU.ActiveCfg = Release|Any CPU
		{CED5F0A6-2B75-4FF1-9A1B-DED451B0D28F}.Release|Any CPU.Build.0 = Release|Any CPU
		{EF9EC7C1-4E6A-42C4-8AAD-BF0D66A94222}.Debug|Any CPU.ActiveCfg = Debug|Any CPU
		{EF9EC7C1-4E6A-42C4-8AAD-BF0D66A94222}.Debug|Any CPU.Build.0 = Debug|Any CPU
		{EF9EC7C1-4E6A-42C4-8AAD-BF0D66A94222}.Release|Any CPU.ActiveCfg = Release|Any CPU
		{EF9EC7C1-4E6A-42C4-8AAD-BF0D66A94222}.Release|Any CPU.Build.0 = Release|Any CPU
		{64FB1666-8FFC-4A80-A16B-401E074E9497}.Debug|Any CPU.ActiveCfg = Debug|Any CPU
		{64FB1666-8FFC-4A80-A16B-401E074E9497}.Debug|Any CPU.Build.0 = Debug|Any CPU
		{64FB1666-8FFC-4A80-A16B-401E074E9497}.Release|Any CPU.ActiveCfg = Release|Any CPU
		{64FB1666-8FFC-4A80-A16B-401E074E9497}.Release|Any CPU.Build.0 = Release|Any CPU
		{548AD48A-403E-43FC-9828-C32080823EFB}.Debug|Any CPU.ActiveCfg = Debug|Any CPU
		{548AD48A-403E-43FC-9828-C32080823EFB}.Debug|Any CPU.Build.0 = Debug|Any CPU
		{548AD48A-403E-43FC-9828-C32080823EFB}.Release|Any CPU.ActiveCfg = Release|Any CPU
		{548AD48A-403E-43FC-9828-C32080823EFB}.Release|Any CPU.Build.0 = Release|Any CPU
		{D682F93A-9083-4B55-A827-C38E13D919D9}.Debug|Any CPU.ActiveCfg = Debug|Any CPU
		{D682F93A-9083-4B55-A827-C38E13D919D9}.Debug|Any CPU.Build.0 = Debug|Any CPU
		{D682F93A-9083-4B55-A827-C38E13D919D9}.Release|Any CPU.ActiveCfg = Release|Any CPU
		{D682F93A-9083-4B55-A827-C38E13D919D9}.Release|Any CPU.Build.0 = Release|Any CPU
	EndGlobalSection
	GlobalSection(SolutionProperties) = preSolution
		HideSolutionNode = FALSE
	EndGlobalSection
	GlobalSection(NestedProjects) = preSolution
		{0EA89CD7-EACF-4006-8F59-82B299B689A4} = {199C7DD3-2555-406F-9459-6BBB92AC0768}
		{C5DE5CD1-9820-4286-AA14-66910F78BC9A} = {199C7DD3-2555-406F-9459-6BBB92AC0768}
		{511C7DE9-CA1B-4B51-8FBC-ADB51518A7B8} = {199C7DD3-2555-406F-9459-6BBB92AC0768}
		{D701E96A-03ED-4F8F-9981-9C359BF6D350} = {A714F230-7446-49CB-AD2E-4359036FBE16}
		{CED5F0A6-2B75-4FF1-9A1B-DED451B0D28F} = {D701E96A-03ED-4F8F-9981-9C359BF6D350}
		{EF9EC7C1-4E6A-42C4-8AAD-BF0D66A94222} = {D701E96A-03ED-4F8F-9981-9C359BF6D350}
		{64FB1666-8FFC-4A80-A16B-401E074E9497} = {D701E96A-03ED-4F8F-9981-9C359BF6D350}
		{548AD48A-403E-43FC-9828-C32080823EFB} = {D701E96A-03ED-4F8F-9981-9C359BF6D350}
		{FC2C7951-7DB9-4C63-AA74-A68FCF373304} = {A714F230-7446-49CB-AD2E-4359036FBE16}
		{D682F93A-9083-4B55-A827-C38E13D919D9} = {FC2C7951-7DB9-4C63-AA74-A68FCF373304}
		{E3B50F53-D968-4492-9AD7-827E82AE94FD} = {A714F230-7446-49CB-AD2E-4359036FBE16}
		{24ECE023-2D75-4B41-8640-D9630E915FED} = {A714F230-7446-49CB-AD2E-4359036FBE16}
	EndGlobalSection
	GlobalSection(ExtensibilityGlobals) = postSolution
		SolutionGuid = {CA4F4FC9-5251-45DB-8C41-967CFEBF4FC3}
	EndGlobalSection
EndGlobal
